// !$*UTF8*$!
{
	archiveVersion = 1;
	classes = {
	};
	objectVersion = 46;
	objects = {

/* Begin PBXBuildFile section */
		CB7DFA971D2E466000D09DE6 /* CryptoLib.cpp in Sources */ = {isa = PBXBuildFile; fileRef = CB7DFA951D2E466000D09DE6 /* CryptoLib.cpp */; };
		CB7DFA9E1D2E490300D09DE6 /* CryptoLib.h in CopyFiles */ = {isa = PBXBuildFile; fileRef = CB7DFA961D2E466000D09DE6 /* CryptoLib.h */; };
/* End PBXBuildFile section */

/* Begin PBXCopyFilesBuildPhase section */
		CB7DFA871D2E462600D09DE6 /* CopyFiles */ = {
			isa = PBXCopyFilesBuildPhase;
			buildActionMask = 2147483647;
			dstPath = "include/$(PRODUCT_NAME)";
			dstSubfolderSpec = 16;
			files = (
				CB7DFA9E1D2E490300D09DE6 /* CryptoLib.h in CopyFiles */,
			);
			runOnlyForDeploymentPostprocessing = 0;
		};
/* End PBXCopyFilesBuildPhase section */

/* Begin PBXFileReference section */
		CB7DFA891D2E462600D09DE6 /* libVeraCryptoLib.a */ = {isa = PBXFileReference; explicitFileType = archive.ar; includeInIndex = 0; path = libVeraCryptoLib.a; sourceTree = BUILT_PRODUCTS_DIR; };
		CB7DFA951D2E466000D09DE6 /* CryptoLib.cpp */ = {isa = PBXFileReference; fileEncoding = 4; lastKnownFileType = sourcecode.cpp.cpp; path = CryptoLib.cpp; sourceTree = "<group>"; };
		CB7DFA961D2E466000D09DE6 /* CryptoLib.h */ = {isa = PBXFileReference; fileEncoding = 4; lastKnownFileType = sourcecode.c.h; path = CryptoLib.h; sourceTree = "<group>"; };
/* End PBXFileReference section */

/* Begin PBXFrameworksBuildPhase section */
		CB7DFA861D2E462600D09DE6 /* Frameworks */ = {
			isa = PBXFrameworksBuildPhase;
			buildActionMask = 2147483647;
			files = (
			);
			runOnlyForDeploymentPostprocessing = 0;
		};
/* End PBXFrameworksBuildPhase section */

/* Begin PBXGroup section */
		CB7DFA801D2E462600D09DE6 = {
			isa = PBXGroup;
			children = (
				CB7DFA8B1D2E462600D09DE6 /* VeraCryptoLib */,
				CB7DFA8A1D2E462600D09DE6 /* Products */,
			);
			sourceTree = "<group>";
		};
		CB7DFA8A1D2E462600D09DE6 /* Products */ = {
			isa = PBXGroup;
			children = (
				CB7DFA891D2E462600D09DE6 /* libVeraCryptoLib.a */,
			);
			name = Products;
			sourceTree = "<group>";
		};
		CB7DFA8B1D2E462600D09DE6 /* VeraCryptoLib */ = {
			isa = PBXGroup;
			children = (
				CB7DFA961D2E466000D09DE6 /* CryptoLib.h */,
				CB7DFA951D2E466000D09DE6 /* CryptoLib.cpp */,
			);
			path = VeraCryptoLib;
			sourceTree = "<group>";
		};
/* End PBXGroup section */

/* Begin PBXNativeTarget section */
		CB7DFA881D2E462600D09DE6 /* VeraCryptoLib */ = {
			isa = PBXNativeTarget;
			buildConfigurationList = CB7DFA921D2E462600D09DE6 /* Build configuration list for PBXNativeTarget "VeraCryptoLib" */;
			buildPhases = (
				CB7DFA851D2E462600D09DE6 /* Sources */,
				CB7DFA861D2E462600D09DE6 /* Frameworks */,
				CB7DFA871D2E462600D09DE6 /* CopyFiles */,
			);
			buildRules = (
			);
			dependencies = (
			);
			name = VeraCryptoLib;
			productName = VeraCryptoLib;
			productReference = CB7DFA891D2E462600D09DE6 /* libVeraCryptoLib.a */;
			productType = "com.apple.product-type.library.static";
		};
/* End PBXNativeTarget section */

/* Begin PBXProject section */
		CB7DFA811D2E462600D09DE6 /* Project object */ = {
			isa = PBXProject;
			attributes = {
				LastUpgradeCheck = 0730;
				ORGANIZATIONNAME = "Yury Ramanchuk";
				TargetAttributes = {
					CB7DFA881D2E462600D09DE6 = {
						CreatedOnToolsVersion = 7.3.1;
					};
				};
			};
			buildConfigurationList = CB7DFA841D2E462600D09DE6 /* Build configuration list for PBXProject "VeraCryptoLib" */;
			compatibilityVersion = "Xcode 3.2";
			developmentRegion = English;
			hasScannedForEncodings = 0;
			knownRegions = (
				en,
			);
			mainGroup = CB7DFA801D2E462600D09DE6;
			productRefGroup = CB7DFA8A1D2E462600D09DE6 /* Products */;
			projectDirPath = "";
			projectRoot = "";
			targets = (
				CB7DFA881D2E462600D09DE6 /* VeraCryptoLib */,
			);
		};
/* End PBXProject section */

/* Begin PBXSourcesBuildPhase section */
		CB7DFA851D2E462600D09DE6 /* Sources */ = {
			isa = PBXSourcesBuildPhase;
			buildActionMask = 2147483647;
			files = (
				CB7DFA971D2E466000D09DE6 /* CryptoLib.cpp in Sources */,
			);
			runOnlyForDeploymentPostprocessing = 0;
		};
/* End PBXSourcesBuildPhase section */

/* Begin XCBuildConfiguration section */
		CB7DFA901D2E462600D09DE6 /* Debug */ = {
			isa = XCBuildConfiguration;
			buildSettings = {
				ALWAYS_SEARCH_USER_PATHS = NO;
				CLANG_ANALYZER_NONNULL = YES;
				CLANG_CXX_LANGUAGE_STANDARD = "gnu++0x";
				CLANG_CXX_LIBRARY = "libc++";
				CLANG_ENABLE_MODULES = YES;
				CLANG_ENABLE_OBJC_ARC = YES;
				CLANG_WARN_BOOL_CONVERSION = YES;
				CLANG_WARN_CONSTANT_CONVERSION = YES;
				CLANG_WARN_DIRECT_OBJC_ISA_USAGE = YES_ERROR;
				CLANG_WARN_EMPTY_BODY = YES;
				CLANG_WARN_ENUM_CONVERSION = YES;
				CLANG_WARN_INT_CONVERSION = YES;
				CLANG_WARN_OBJC_ROOT_CLASS = YES_ERROR;
				CLANG_WARN_UNREACHABLE_CODE = YES;
				CLANG_WARN__DUPLICATE_METHOD_MATCH = YES;
				"CODE_SIGN_IDENTITY[sdk=iphoneos*]" = "iPhone Developer";
				COPY_PHASE_STRIP = NO;
				DEBUG_INFORMATION_FORMAT = dwarf;
				ENABLE_STRICT_OBJC_MSGSEND = YES;
				ENABLE_TESTABILITY = YES;
				GCC_C_LANGUAGE_STANDARD = gnu99;
				GCC_DYNAMIC_NO_PIC = NO;
				GCC_NO_COMMON_BLOCKS = YES;
				GCC_OPTIMIZATION_LEVEL = 0;
				GCC_PREPROCESSOR_DEFINITIONS = (
					"DEBUG=1",
					"$(inherited)",
				);
				GCC_WARN_64_TO_32_BIT_CONVERSION = YES;
				GCC_WARN_ABOUT_RETURN_TYPE = YES_ERROR;
				GCC_WARN_UNDECLARED_SELECTOR = YES;
				GCC_WARN_UNINITIALIZED_AUTOS = YES_AGGRESSIVE;
				GCC_WARN_UNUSED_FUNCTION = YES;
				GCC_WARN_UNUSED_VARIABLE = YES;
				IPHONEOS_DEPLOYMENT_TARGET = 9.3;
				MTL_ENABLE_DEBUG_INFO = YES;
				ONLY_ACTIVE_ARCH = YES;
				SDKROOT = iphoneos;
			};
			name = Debug;
		};
		CB7DFA911D2E462600D09DE6 /* Release */ = {
			isa = XCBuildConfiguration;
			buildSettings = {
				ALWAYS_SEARCH_USER_PATHS = NO;
				CLANG_ANALYZER_NONNULL = YES;
				CLANG_CXX_LANGUAGE_STANDARD = "gnu++0x";
				CLANG_CXX_LIBRARY = "libc++";
				CLANG_ENABLE_MODULES = YES;
				CLANG_ENABLE_OBJC_ARC = YES;
				CLANG_WARN_BOOL_CONVERSION = YES;
				CLANG_WARN_CONSTANT_CONVERSION = YES;
				CLANG_WARN_DIRECT_OBJC_ISA_USAGE = YES_ERROR;
				CLANG_WARN_EMPTY_BODY = YES;
				CLANG_WARN_ENUM_CONVERSION = YES;
				CLANG_WARN_INT_CONVERSION = YES;
				CLANG_WARN_OBJC_ROOT_CLASS = YES_ERROR;
				CLANG_WARN_UNREACHABLE_CODE = YES;
				CLANG_WARN__DUPLICATE_METHOD_MATCH = YES;
				"CODE_SIGN_IDENTITY[sdk=iphoneos*]" = "iPhone Developer";
				COPY_PHASE_STRIP = NO;
				DEBUG_INFORMATION_FORMAT = "dwarf-with-dsym";
				ENABLE_NS_ASSERTIONS = NO;
				ENABLE_STRICT_OBJC_MSGSEND = YES;
				GCC_C_LANGUAGE_STANDARD = gnu99;
				GCC_NO_COMMON_BLOCKS = YES;
				GCC_WARN_64_TO_32_BIT_CONVERSION = YES;
				GCC_WARN_ABOUT_RETURN_TYPE = YES_ERROR;
				GCC_WARN_UNDECLARED_SELECTOR = YES;
				GCC_WARN_UNINITIALIZED_AUTOS = YES_AGGRESSIVE;
				GCC_WARN_UNUSED_FUNCTION = YES;
				GCC_WARN_UNUSED_VARIABLE = YES;
				IPHONEOS_DEPLOYMENT_TARGET = 9.3;
				MTL_ENABLE_DEBUG_INFO = NO;
				SDKROOT = iphoneos;
				VALIDATE_PRODUCT = YES;
			};
			name = Release;
		};
		CB7DFA931D2E462600D09DE6 /* Debug */ = {
			isa = XCBuildConfiguration;
			buildSettings = {
				OTHER_LDFLAGS = "-ObjC";
				PRODUCT_NAME = "$(TARGET_NAME)";
				SKIP_INSTALL = YES;
			};
			name = Debug;
		};
		CB7DFA941D2E462600D09DE6 /* Release */ = {
			isa = XCBuildConfiguration;
			buildSettings = {
				OTHER_LDFLAGS = "-ObjC";
				PRODUCT_NAME = "$(TARGET_NAME)";
				SKIP_INSTALL = YES;
			};
			name = Release;
		};
/* End XCBuildConfiguration section */

/* Begin XCConfigurationList section */
		CB7DFA841D2E462600D09DE6 /* Build configuration list for PBXProject "VeraCryptoLib" */ = {
			isa = XCConfigurationList;
			buildConfigurations = (
				CB7DFA901D2E462600D09DE6 /* Debug */,
				CB7DFA911D2E462600D09DE6 /* Release */,
			);
			defaultConfigurationIsVisible = 0;
			defaultConfigurationName = Release;
		};
		CB7DFA921D2E462600D09DE6 /* Build configuration list for PBXNativeTarget "VeraCryptoLib" */ = {
			isa = XCConfigurationList;
			buildConfigurations = (
				CB7DFA931D2E462600D09DE6 /* Debug */,
				CB7DFA941D2E462600D09DE6 /* Release */,
			);
			defaultConfigurationIsVisible = 0;
		};
/* End XCConfigurationList section */
	};
	rootObject = CB7DFA811D2E462600D09DE6 /* Project object */;
}
